
Microsoft Visual Studio Solution File, Format Version 12.00
# Visual Studio Version 17
VisualStudioVersion = 17.4.33213.308
MinimumVisualStudioVersion = 10.0.40219.1
Project("{FAE04EC0-301F-11D3-BF4B-00C04F79EFBC}") = "TheDevBlog.API", "TheDevBlog.API\TheDevBlog.API.csproj", "{9AF76A16-5CD9-4370-A4C2-F9FBB4B142EE}"
EndProject
Global
	GlobalSection(SolutionConfigurationPlatforms) = preSolution
		Debug|Any CPU = Debug|Any CPU
		Release|Any CPU = Release|Any CPU
	EndGlobalSection
	GlobalSection(ProjectConfigurationPlatforms) = postSolution
		{9AF76A16-5CD9-4370-A4C2-F9FBB4B142EE}.Debug|Any CPU.ActiveCfg = Debug|Any CPU
		{9AF76A16-5CD9-4370-A4C2-F9FBB4B142EE}.Debug|Any CPU.Build.0 = Debug|Any CPU
		{9AF76A16-5CD9-4370-A4C2-F9FBB4B142EE}.Release|Any CPU.ActiveCfg = Release|Any CPU
		{9AF76A16-5CD9-4370-A4C2-F9FBB4B142EE}.Release|Any CPU.Build.0 = Release|Any CPU
	EndGlobalSection
	GlobalSection(SolutionProperties) = preSolution
		HideSolutionNode = FALSE
	EndGlobalSection
	GlobalSection(ExtensibilityGlobals) = postSolution
		SolutionGuid = {E3668906-5EE4-446C-BACA-8E94FDE97E03}
	EndGlobalSection
EndGlobal
